
Microsoft Visual Studio Solution File, Format Version 12.00
# Visual Studio Version 17
VisualStudioVersion = 17.6.33829.357
MinimumVisualStudioVersion = 10.0.40219.1
Project("{FAE04EC0-301F-11D3-BF4B-00C04F79EFBC}") = "DentalClinicFinal", "DentalClinicFinal\DentalClinicFinal.csproj", "{A8B5CA94-DBEF-46C4-97AA-CD42C2D2BB0E}"
EndProject
Project("{FAE04EC0-301F-11D3-BF4B-00C04F79EFBC}") = "DentalClinic2", "..\DentalClinic2\DentalClinic2\DentalClinic2.csproj", "{DC3316C5-8BB1-4D50-B6A3-4909084F325D}"
EndProject
Global
	GlobalSection(SolutionConfigurationPlatforms) = preSolution
		Debug|Any CPU = Debug|Any CPU
		Release|Any CPU = Release|Any CPU
	EndGlobalSection
	GlobalSection(ProjectConfigurationPlatforms) = postSolution
		{A8B5CA94-DBEF-46C4-97AA-CD42C2D2BB0E}.Debug|Any CPU.ActiveCfg = Debug|Any CPU
		{A8B5CA94-DBEF-46C4-97AA-CD42C2D2BB0E}.Debug|Any CPU.Build.0 = Debug|Any CPU
		{A8B5CA94-DBEF-46C4-97AA-CD42C2D2BB0E}.Release|Any CPU.ActiveCfg = Release|Any CPU
		{A8B5CA94-DBEF-46C4-97AA-CD42C2D2BB0E}.Release|Any CPU.Build.0 = Release|Any CPU
		{DC3316C5-8BB1-4D50-B6A3-4909084F325D}.Debug|Any CPU.ActiveCfg = Debug|Any CPU
		{DC3316C5-8BB1-4D50-B6A3-4909084F325D}.Debug|Any CPU.Build.0 = Debug|Any CPU
		{DC3316C5-8BB1-4D50-B6A3-4909084F325D}.Release|Any CPU.ActiveCfg = Release|Any CPU
		{DC3316C5-8BB1-4D50-B6A3-4909084F325D}.Release|Any CPU.Build.0 = Release|Any CPU
	EndGlobalSection
	GlobalSection(SolutionProperties) = preSolution
		HideSolutionNode = FALSE
	EndGlobalSection
	GlobalSection(ExtensibilityGlobals) = postSolution
		SolutionGuid = {D3FA60A0-8DFC-4C49-B714-22FC02B67543}
	EndGlobalSection
EndGlobal
